
Microsoft Visual Studio Solution File, Format Version 12.00
# Visual Studio Version 17
VisualStudioVersion = 17.5.002.0
MinimumVisualStudioVersion = 10.0.40219.1
Project("{9A19103F-16F7-4668-BE54-9A1E7A4F7556}") = "Test", "Test.csproj", "{0A5B72DE-43E4-4663-A2B3-EB3577F26A55}"
EndProject
Global
	GlobalSection(SolutionConfigurationPlatforms) = preSolution
		Debug|Any CPU = Debug|Any CPU
		Release|Any CPU = Release|Any CPU
	EndGlobalSection
	GlobalSection(ProjectConfigurationPlatforms) = postSolution
		{0A5B72DE-43E4-4663-A2B3-EB3577F26A55}.Debug|Any CPU.ActiveCfg = Debug|Any CPU
		{0A5B72DE-43E4-4663-A2B3-EB3577F26A55}.Debug|Any CPU.Build.0 = Debug|Any CPU
		{0A5B72DE-43E4-4663-A2B3-EB3577F26A55}.Release|Any CPU.ActiveCfg = Release|Any CPU
		{0A5B72DE-43E4-4663-A2B3-EB3577F26A55}.Release|Any CPU.Build.0 = Release|Any CPU
	EndGlobalSection
	GlobalSection(SolutionProperties) = preSolution
		HideSolutionNode = FALSE
	EndGlobalSection
	GlobalSection(ExtensibilityGlobals) = postSolution
		SolutionGuid = {05519B53-EC2F-4929-A4DB-0EBB9FE83C20}
	EndGlobalSection
EndGlobal
